
Microsoft Visual Studio Solution File, Format Version 12.00
# Visual Studio 15
VisualStudioVersion = 15.0.28307.489
MinimumVisualStudioVersion = 10.0.40219.1
Project("{FAE04EC0-301F-11D3-BF4B-00C04F79EFBC}") = "SocketService", "SocketService\SocketService.csproj", "{9F6BA415-F7C8-4DE0-A43B-18EA66ACC2A8}"
EndProject
Global
	GlobalSection(SolutionConfigurationPlatforms) = preSolution
		Debug|Any CPU = Debug|Any CPU
		Release|Any CPU = Release|Any CPU
	EndGlobalSection
	GlobalSection(ProjectConfigurationPlatforms) = postSolution
		{9F6BA415-F7C8-4DE0-A43B-18EA66ACC2A8}.Debug|Any CPU.ActiveCfg = Debug|Any CPU
		{9F6BA415-F7C8-4DE0-A43B-18EA66ACC2A8}.Debug|Any CPU.Build.0 = Debug|Any CPU
		{9F6BA415-F7C8-4DE0-A43B-18EA66ACC2A8}.Release|Any CPU.ActiveCfg = Release|Any CPU
		{9F6BA415-F7C8-4DE0-A43B-18EA66ACC2A8}.Release|Any CPU.Build.0 = Release|Any CPU
	EndGlobalSection
	GlobalSection(SolutionProperties) = preSolution
		HideSolutionNode = FALSE
	EndGlobalSection
	GlobalSection(ExtensibilityGlobals) = postSolution
		SolutionGuid = {841D6768-CE54-4BA0-B528-057DE4EAB394}
	EndGlobalSection
EndGlobal
